PODS:
  - Nimble (5.0.0-alpha.30p1)
  - Quick (0.9.3)
  - TableViewConfigurator (1.4.0)

DEPENDENCIES:
  - Nimble (from `https://github.com/Quick/Nimble.git`, branch `swift-3.0`)
  - Quick (from `https://github.com/Quick/Quick.git`, branch `swift-3.0`)
  - TableViewConfigurator (from `../`)

EXTERNAL SOURCES:
  Nimble:
    :branch: swift-3.0
    :git: https://github.com/Quick/Nimble.git
  Quick:
    :branch: swift-3.0
    :git: https://github.com/Quick/Quick.git
  TableViewConfigurator:
    :path: ../

CHECKOUT OPTIONS:
  Nimble:
    :commit: 220152be528dcc0537764c179c95b8174028c80c
    :git: https://github.com/Quick/Nimble.git
  Quick:
    :commit: 81d2a7bd95ef91e2604ee0431bba6fe59ad662dc
    :git: https://github.com/Quick/Quick.git

SPEC CHECKSUMS:
  Nimble: c5b995b4cd57789ec44b0cfb79640fc00e61a8c7
  Quick: 31fb576b6cbb6b028cc5e0016e4366accbb346f5
  TableViewConfigurator: 8d15bc93b1954886675da444095e33fba1bb9c2b

PODFILE CHECKSUM: b80b4b70402c220d1bcd8d390012b2db65fc34f1

COCOAPODS: 1.0.1
