PODS:
  - Nimble (5.1.1)
  - Quick (1.0.0)
  - TableViewConfigurator (1.4.0)

DEPENDENCIES:
  - Nimble (~> 5.1)
  - Quick (~> 1.0)
  - TableViewConfigurator (from `../`)

EXTERNAL SOURCES:
  TableViewConfigurator:
    :path: ../

SPEC CHECKSUMS:
  Nimble: 415e3aa3267e7bc2c96b05fa814ddea7bb686a29
  Quick: 8024e4a47e6cc03a9d5245ef0948264fc6d27cff
  TableViewConfigurator: 8d15bc93b1954886675da444095e33fba1bb9c2b

PODFILE CHECKSUM: 9f38bf477817e90376202b8359a0e555ba07f7d5

COCOAPODS: 1.1.1
