PODS:
  - Dwifft (0.9)
  - Nimble (7.3.1)
  - Quick (1.3.2)
  - TableViewConfigurator (2.0.0):
    - Dwifft (~> 0.9)

DEPENDENCIES:
  - Nimble (~> 7.3)
  - Quick (~> 1.3)
  - TableViewConfigurator (from `../`)

SPEC REPOS:
  https://github.com/cocoapods/specs.git:
    - Dwifft
    - Nimble
    - Quick

EXTERNAL SOURCES:
  TableViewConfigurator:
    :path: "../"

SPEC CHECKSUMS:
  Dwifft: 42912068ed2a8146077d1a1404df18625bd086e1
  Nimble: 04f732da099ea4d153122aec8c2a88fd0c7219ae
  Quick: 2623cb30d7a7f41ca62f684f679586558f483d46
  TableViewConfigurator: 539e3bf2dc72dd51483653c5434a388bc2e8273a

PODFILE CHECKSUM: 33f91df218d54c2fea4b373fca72c73ae229dc83

COCOAPODS: 1.5.3
